
Microsoft Visual Studio Solution File, Format Version 12.00
# Visual Studio 14
VisualStudioVersion = 14.0.25420.1
MinimumVisualStudioVersion = 10.0.40219.1
Project("{FAE04EC0-301F-11D3-BF4B-00C04F79EFBC}") = "Budgeteer", "Budgeteer\Budgeteer.csproj", "{38A7CBD9-FCA1-4771-B251-68B39F39565E}"
EndProject
Project("{54435603-DBB4-11D2-8724-00A0C9A8B90C}") = "Budgeteer_Setup", "Budgeteer_Setup\Budgeteer_Setup.vdproj", "{14AC0EB1-52D1-40FE-A754-B7435ED9D344}"
EndProject
Global
	GlobalSection(SolutionConfigurationPlatforms) = preSolution
		Debug|Any CPU = Debug|Any CPU
		Release|Any CPU = Release|Any CPU
	EndGlobalSection
	GlobalSection(ProjectConfigurationPlatforms) = postSolution
		{38A7CBD9-FCA1-4771-B251-68B39F39565E}.Debug|Any CPU.ActiveCfg = Debug|Any CPU
		{38A7CBD9-FCA1-4771-B251-68B39F39565E}.Debug|Any CPU.Build.0 = Debug|Any CPU
		{38A7CBD9-FCA1-4771-B251-68B39F39565E}.Release|Any CPU.ActiveCfg = Release|Any CPU
		{38A7CBD9-FCA1-4771-B251-68B39F39565E}.Release|Any CPU.Build.0 = Release|Any CPU
		{14AC0EB1-52D1-40FE-A754-B7435ED9D344}.Debug|Any CPU.ActiveCfg = Debug
		{14AC0EB1-52D1-40FE-A754-B7435ED9D344}.Release|Any CPU.ActiveCfg = Release
	EndGlobalSection
	GlobalSection(SolutionProperties) = preSolution
		HideSolutionNode = FALSE
	EndGlobalSection
EndGlobal
